
Microsoft Visual Studio Solution File, Format Version 12.00
# Visual Studio Version 17
VisualStudioVersion = 17.0.31903.59
MinimumVisualStudioVersion = 10.0.40219.1
Project("{FAE04EC0-301F-11D3-BF4B-00C04F79EFBC}") = "WebApi.api", "WebApi.api\WebApi.api.csproj", "{DE7C3092-2BD8-4940-E4DE-5F6067C2E256}"
EndProject
Project("{2150E333-8FDC-42A3-9474-1A3956D46DE8}") = ".github", ".github", "{02EA681E-C7D8-13C7-8484-4AC65E1B71E8}"
EndProject
Project("{2150E333-8FDC-42A3-9474-1A3956D46DE8}") = "workflows", "workflows", "{1C7E1A5A-C44A-47EB-8116-BBCD22C747B6}"
	ProjectSection(SolutionItems) = preProject
		deploy.yml = deploy.yml
	EndProjectSection
EndProject
Global
	GlobalSection(SolutionConfigurationPlatforms) = preSolution
		Debug|Any CPU = Debug|Any CPU
		Release|Any CPU = Release|Any CPU
	EndGlobalSection
	GlobalSection(ProjectConfigurationPlatforms) = postSolution
		{DE7C3092-2BD8-4940-E4DE-5F6067C2E256}.Debug|Any CPU.ActiveCfg = Debug|Any CPU
		{DE7C3092-2BD8-4940-E4DE-5F6067C2E256}.Debug|Any CPU.Build.0 = Debug|Any CPU
		{DE7C3092-2BD8-4940-E4DE-5F6067C2E256}.Release|Any CPU.ActiveCfg = Release|Any CPU
		{DE7C3092-2BD8-4940-E4DE-5F6067C2E256}.Release|Any CPU.Build.0 = Release|Any CPU
	EndGlobalSection
	GlobalSection(SolutionProperties) = preSolution
		HideSolutionNode = FALSE
	EndGlobalSection
	GlobalSection(NestedProjects) = preSolution
		{1C7E1A5A-C44A-47EB-8116-BBCD22C747B6} = {02EA681E-C7D8-13C7-8484-4AC65E1B71E8}
	EndGlobalSection
	GlobalSection(ExtensibilityGlobals) = postSolution
		SolutionGuid = {E69BF20B-C7D9-40DF-86C6-0171144E7C31}
	EndGlobalSection
EndGlobal
